
Microsoft Visual Studio Solution File, Format Version 12.00
# Visual Studio Version 17
VisualStudioVersion = 17.0.31903.59
MinimumVisualStudioVersion = 10.0.40219.1
Project("{2150E333-8FDC-42A3-9474-1A3956D46DE8}") = "src", "src", "{05159BA6-B65D-42CB-8F52-CA618C07FAB4}"
EndProject
Project("{FAE04EC0-301F-11D3-BF4B-00C04F79EFBC}") = "AuctionService", "src\AuctionService\AuctionService.csproj", "{F3214EA5-D488-4509-88CF-5E017441DAA7}"
EndProject
Project("{FAE04EC0-301F-11D3-BF4B-00C04F79EFBC}") = "SearchService", "src\SearchService\SearchService.csproj", "{69B2E425-9DCF-4066-83DC-2B46FDE85A3D}"
EndProject
Project("{FAE04EC0-301F-11D3-BF4B-00C04F79EFBC}") = "Contracts", "src\Contracts\Contracts.csproj", "{5B58F904-1910-4DF6-9307-92398C522FAF}"
EndProject
Global
	GlobalSection(SolutionConfigurationPlatforms) = preSolution
		Debug|Any CPU = Debug|Any CPU
		Release|Any CPU = Release|Any CPU
	EndGlobalSection
	GlobalSection(SolutionProperties) = preSolution
		HideSolutionNode = FALSE
	EndGlobalSection
	GlobalSection(ProjectConfigurationPlatforms) = postSolution
		{F3214EA5-D488-4509-88CF-5E017441DAA7}.Debug|Any CPU.ActiveCfg = Debug|Any CPU
		{F3214EA5-D488-4509-88CF-5E017441DAA7}.Debug|Any CPU.Build.0 = Debug|Any CPU
		{F3214EA5-D488-4509-88CF-5E017441DAA7}.Release|Any CPU.ActiveCfg = Release|Any CPU
		{F3214EA5-D488-4509-88CF-5E017441DAA7}.Release|Any CPU.Build.0 = Release|Any CPU
		{69B2E425-9DCF-4066-83DC-2B46FDE85A3D}.Debug|Any CPU.ActiveCfg = Debug|Any CPU
		{69B2E425-9DCF-4066-83DC-2B46FDE85A3D}.Debug|Any CPU.Build.0 = Debug|Any CPU
		{69B2E425-9DCF-4066-83DC-2B46FDE85A3D}.Release|Any CPU.ActiveCfg = Release|Any CPU
		{69B2E425-9DCF-4066-83DC-2B46FDE85A3D}.Release|Any CPU.Build.0 = Release|Any CPU
		{5B58F904-1910-4DF6-9307-92398C522FAF}.Debug|Any CPU.ActiveCfg = Debug|Any CPU
		{5B58F904-1910-4DF6-9307-92398C522FAF}.Debug|Any CPU.Build.0 = Debug|Any CPU
		{5B58F904-1910-4DF6-9307-92398C522FAF}.Release|Any CPU.ActiveCfg = Release|Any CPU
		{5B58F904-1910-4DF6-9307-92398C522FAF}.Release|Any CPU.Build.0 = Release|Any CPU
	EndGlobalSection
	GlobalSection(NestedProjects) = preSolution
		{F3214EA5-D488-4509-88CF-5E017441DAA7} = {05159BA6-B65D-42CB-8F52-CA618C07FAB4}
		{69B2E425-9DCF-4066-83DC-2B46FDE85A3D} = {05159BA6-B65D-42CB-8F52-CA618C07FAB4}
		{5B58F904-1910-4DF6-9307-92398C522FAF} = {05159BA6-B65D-42CB-8F52-CA618C07FAB4}
	EndGlobalSection
EndGlobal
